
Microsoft Visual Studio Solution File, Format Version 12.00
# Visual Studio Version 17
VisualStudioVersion = 17.2.32630.192
MinimumVisualStudioVersion = 10.0.40219.1
Project("{9A19103F-16F7-4668-BE54-9A1E7A4F7556}") = "Lesson3", "Lesson3\Lesson3.csproj", "{92B840F4-56EB-4779-8DA2-3988E199B931}"
EndProject
Project("{9A19103F-16F7-4668-BE54-9A1E7A4F7556}") = "Lesson4", "Lesson4\Lesson4.csproj", "{B285BBFE-A25D-4389-94C0-340745FD611F}"
EndProject
Project("{FAE04EC0-301F-11D3-BF4B-00C04F79EFBC}") = "программа-переводчик", "программа-переводчик\программа-переводчик.csproj", "{33F8CF10-7176-4E74-AF8D-754428F31457}"
EndProject
Global
	GlobalSection(SolutionConfigurationPlatforms) = preSolution
		Debug|Any CPU = Debug|Any CPU
		Release|Any CPU = Release|Any CPU
	EndGlobalSection
	GlobalSection(ProjectConfigurationPlatforms) = postSolution
		{92B840F4-56EB-4779-8DA2-3988E199B931}.Debug|Any CPU.ActiveCfg = Debug|Any CPU
		{92B840F4-56EB-4779-8DA2-3988E199B931}.Debug|Any CPU.Build.0 = Debug|Any CPU
		{92B840F4-56EB-4779-8DA2-3988E199B931}.Release|Any CPU.ActiveCfg = Release|Any CPU
		{92B840F4-56EB-4779-8DA2-3988E199B931}.Release|Any CPU.Build.0 = Release|Any CPU
		{B285BBFE-A25D-4389-94C0-340745FD611F}.Debug|Any CPU.ActiveCfg = Debug|Any CPU
		{B285BBFE-A25D-4389-94C0-340745FD611F}.Debug|Any CPU.Build.0 = Debug|Any CPU
		{B285BBFE-A25D-4389-94C0-340745FD611F}.Release|Any CPU.ActiveCfg = Release|Any CPU
		{B285BBFE-A25D-4389-94C0-340745FD611F}.Release|Any CPU.Build.0 = Release|Any CPU
		{33F8CF10-7176-4E74-AF8D-754428F31457}.Debug|Any CPU.ActiveCfg = Debug|Any CPU
		{33F8CF10-7176-4E74-AF8D-754428F31457}.Debug|Any CPU.Build.0 = Debug|Any CPU
		{33F8CF10-7176-4E74-AF8D-754428F31457}.Release|Any CPU.ActiveCfg = Release|Any CPU
		{33F8CF10-7176-4E74-AF8D-754428F31457}.Release|Any CPU.Build.0 = Release|Any CPU
	EndGlobalSection
	GlobalSection(SolutionProperties) = preSolution
		HideSolutionNode = FALSE
	EndGlobalSection
	GlobalSection(ExtensibilityGlobals) = postSolution
		SolutionGuid = {79418AB6-668D-45C7-A5C9-E93002103673}
	EndGlobalSection
EndGlobal
